// !$*UTF8*$!
{
	archiveVersion = 1;
	classes = {
	};
	objectVersion = 50;
	objects = {

/* Begin PBXBuildFile section */
		772FB4BE207194EF00C21A07 /* AppDelegate.swift in Sources */ = {isa = PBXBuildFile; fileRef = 772FB4BD207194EF00C21A07 /* AppDelegate.swift */; };
		772FB4C0207194EF00C21A07 /* ViewController.swift in Sources */ = {isa = PBXBuildFile; fileRef = 772FB4BF207194EF00C21A07 /* ViewController.swift */; };
		772FB4C3207194EF00C21A07 /* Main.storyboard in Resources */ = {isa = PBXBuildFile; fileRef = 772FB4C1207194EF00C21A07 /* Main.storyboard */; };
		772FB4C5207194F200C21A07 /* Assets.xcassets in Resources */ = {isa = PBXBuildFile; fileRef = 772FB4C4207194F200C21A07 /* Assets.xcassets */; };
		772FB4C8207194F200C21A07 /* LaunchScreen.storyboard in Resources */ = {isa = PBXBuildFile; fileRef = 772FB4C6207194F200C21A07 /* LaunchScreen.storyboard */; };
		772FB4D02072425000C21A07 /* BGTransferController.swift in Sources */ = {isa = PBXBuildFile; fileRef = 772FB4CF2072425000C21A07 /* BGTransferController.swift */; };
/* End PBXBuildFile section */

/* Begin PBXFileReference section */
		772FB4BA207194EF00C21A07 /* ATBGTransferDemo.app */ = {isa = PBXFileReference; explicitFileType = wrapper.application; includeInIndex = 0; path = ATBGTransferDemo.app; sourceTree = BUILT_PRODUCTS_DIR; };
		772FB4BD207194EF00C21A07 /* AppDelegate.swift */ = {isa = PBXFileReference; lastKnownFileType = sourcecode.swift; path = AppDelegate.swift; sourceTree = "<group>"; };
		772FB4BF207194EF00C21A07 /* ViewController.swift */ = {isa = PBXFileReference; lastKnownFileType = sourcecode.swift; path = ViewController.swift; sourceTree = "<group>"; };
		772FB4C2207194EF00C21A07 /* Base */ = {isa = PBXFileReference; lastKnownFileType = file.storyboard; name = Base; path = Base.lproj/Main.storyboard; sourceTree = "<group>"; };
		772FB4C4207194F200C21A07 /* Assets.xcassets */ = {isa = PBXFileReference; lastKnownFileType = folder.assetcatalog; path = Assets.xcassets; sourceTree = "<group>"; };
		772FB4C7207194F200C21A07 /* Base */ = {isa = PBXFileReference; lastKnownFileType = file.storyboard; name = Base; path = Base.lproj/LaunchScreen.storyboard; sourceTree = "<group>"; };
		772FB4C9207194F200C21A07 /* Info.plist */ = {isa = PBXFileReference; lastKnownFileType = text.plist.xml; path = Info.plist; sourceTree = "<group>"; };
		772FB4CF2072425000C21A07 /* BGTransferController.swift */ = {isa = PBXFileReference; lastKnownFileType = sourcecode.swift; path = BGTransferController.swift; sourceTree = "<group>"; };
/* End PBXFileReference section */

/* Begin PBXFrameworksBuildPhase section */
		772FB4B7207194EF00C21A07 /* Frameworks */ = {
			isa = PBXFrameworksBuildPhase;
			buildActionMask = 2147483647;
			files = (
			);
			runOnlyForDeploymentPostprocessing = 0;
		};
/* End PBXFrameworksBuildPhase section */

/* Begin PBXGroup section */
		772FB4B1207194EF00C21A07 = {
			isa = PBXGroup;
			children = (
				772FB4BC207194EF00C21A07 /* ATBGTransferDemo */,
				772FB4BB207194EF00C21A07 /* Products */,
			);
			sourceTree = "<group>";
		};
		772FB4BB207194EF00C21A07 /* Products */ = {
			isa = PBXGroup;
			children = (
				772FB4BA207194EF00C21A07 /* ATBGTransferDemo.app */,
			);
			name = Products;
			sourceTree = "<group>";
		};
		772FB4BC207194EF00C21A07 /* ATBGTransferDemo */ = {
			isa = PBXGroup;
			children = (
				772FB4BD207194EF00C21A07 /* AppDelegate.swift */,
				772FB4BF207194EF00C21A07 /* ViewController.swift */,
				772FB4C1207194EF00C21A07 /* Main.storyboard */,
				772FB4C4207194F200C21A07 /* Assets.xcassets */,
				772FB4C6207194F200C21A07 /* LaunchScreen.storyboard */,
				772FB4C9207194F200C21A07 /* Info.plist */,
				772FB4CF2072425000C21A07 /* BGTransferController.swift */,
			);
			path = ATBGTransferDemo;
			sourceTree = "<group>";
		};
/* End PBXGroup section */

/* Begin PBXNativeTarget section */
		772FB4B9207194EF00C21A07 /* ATBGTransferDemo */ = {
			isa = PBXNativeTarget;
			buildConfigurationList = 772FB4CC207194F200C21A07 /* Build configuration list for PBXNativeTarget "ATBGTransferDemo" */;
			buildPhases = (
				772FB4B6207194EF00C21A07 /* Sources */,
				772FB4B7207194EF00C21A07 /* Frameworks */,
				772FB4B8207194EF00C21A07 /* Resources */,
			);
			buildRules = (
			);
			dependencies = (
			);
			name = ATBGTransferDemo;
			productName = ATBGTransferDemo;
			productReference = 772FB4BA207194EF00C21A07 /* ATBGTransferDemo.app */;
			productType = "com.apple.product-type.application";
		};
/* End PBXNativeTarget section */

/* Begin PBXProject section */
		772FB4B2207194EF00C21A07 /* Project object */ = {
			isa = PBXProject;
			attributes = {
				LastSwiftUpdateCheck = 0930;
				LastUpgradeCheck = 0930;
				ORGANIZATIONNAME = Dejan;
				TargetAttributes = {
					772FB4B9207194EF00C21A07 = {
						CreatedOnToolsVersion = 9.3;
						SystemCapabilities = {
							com.apple.BackgroundModes = {
								enabled = 1;
							};
						};
					};
				};
			};
			buildConfigurationList = 772FB4B5207194EF00C21A07 /* Build configuration list for PBXProject "ATBGTransferDemo" */;
			compatibilityVersion = "Xcode 9.3";
			developmentRegion = en;
			hasScannedForEncodings = 0;
			knownRegions = (
				en,
				Base,
			);
			mainGroup = 772FB4B1207194EF00C21A07;
			productRefGroup = 772FB4BB207194EF00C21A07 /* Products */;
			projectDirPath = "";
			projectRoot = "";
			targets = (
				772FB4B9207194EF00C21A07 /* ATBGTransferDemo */,
			);
		};
/* End PBXProject section */

/* Begin PBXResourcesBuildPhase section */
		772FB4B8207194EF00C21A07 /* Resources */ = {
			isa = PBXResourcesBuildPhase;
			buildActionMask = 2147483647;
			files = (
				772FB4C8207194F200C21A07 /* LaunchScreen.storyboard in Resources */,
				772FB4C5207194F200C21A07 /* Assets.xcassets in Resources */,
				772FB4C3207194EF00C21A07 /* Main.storyboard in Resources */,
			);
			runOnlyForDeploymentPostprocessing = 0;
		};
/* End PBXResourcesBuildPhase section */

/* Begin PBXSourcesBuildPhase section */
		772FB4B6207194EF00C21A07 /* Sources */ = {
			isa = PBXSourcesBuildPhase;
			buildActionMask = 2147483647;
			files = (
				772FB4C0207194EF00C21A07 /* ViewController.swift in Sources */,
				772FB4BE207194EF00C21A07 /* AppDelegate.swift in Sources */,
				772FB4D02072425000C21A07 /* BGTransferController.swift in Sources */,
			);
			runOnlyForDeploymentPostprocessing = 0;
		};
/* End PBXSourcesBuildPhase section */

/* Begin PBXVariantGroup section */
		772FB4C1207194EF00C21A07 /* Main.storyboard */ = {
			isa = PBXVariantGroup;
			children = (
				772FB4C2207194EF00C21A07 /* Base */,
			);
			name = Main.storyboard;
			sourceTree = "<group>";
		};
		772FB4C6207194F200C21A07 /* LaunchScreen.storyboard */ = {
			isa = PBXVariantGroup;
			children = (
				772FB4C7207194F200C21A07 /* Base */,
			);
			name = LaunchScreen.storyboard;
			sourceTree = "<group>";
		};
/* End PBXVariantGroup section */

/* Begin XCBuildConfiguration section */
		772FB4CA207194F200C21A07 /* Debug */ = {
			isa = XCBuildConfiguration;
			buildSettings = {
				ALWAYS_SEARCH_USER_PATHS = NO;
				CLANG_ANALYZER_NONNULL = YES;
				CLANG_ANALYZER_NUMBER_OBJECT_CONVERSION = YES_AGGRESSIVE;
				CLANG_CXX_LANGUAGE_STANDARD = "gnu++14";
				CLANG_CXX_LIBRARY = "libc++";
				CLANG_ENABLE_MODULES = YES;
				CLANG_ENABLE_OBJC_ARC = YES;
				CLANG_ENABLE_OBJC_WEAK = YES;
				CLANG_WARN_BLOCK_CAPTURE_AUTORELEASING = YES;
				CLANG_WARN_BOOL_CONVERSION = YES;
				CLANG_WARN_COMMA = YES;
				CLANG_WARN_CONSTANT_CONVERSION = YES;
				CLANG_WARN_DEPRECATED_OBJC_IMPLEMENTATIONS = YES;
				CLANG_WARN_DIRECT_OBJC_ISA_USAGE = YES_ERROR;
				CLANG_WARN_DOCUMENTATION_COMMENTS = YES;
				CLANG_WARN_EMPTY_BODY = YES;
				CLANG_WARN_ENUM_CONVERSION = YES;
				CLANG_WARN_INFINITE_RECURSION = YES;
				CLANG_WARN_INT_CONVERSION = YES;
				CLANG_WARN_NON_LITERAL_NULL_CONVERSION = YES;
				CLANG_WARN_OBJC_IMPLICIT_RETAIN_SELF = YES;
				CLANG_WARN_OBJC_LITERAL_CONVERSION = YES;
				CLANG_WARN_OBJC_ROOT_CLASS = YES_ERROR;
				CLANG_WARN_RANGE_LOOP_ANALYSIS = YES;
				CLANG_WARN_STRICT_PROTOTYPES = YES;
				CLANG_WARN_SUSPICIOUS_MOVE = YES;
				CLANG_WARN_UNGUARDED_AVAILABILITY = YES_AGGRESSIVE;
				CLANG_WARN_UNREACHABLE_CODE = YES;
				CLANG_WARN__DUPLICATE_METHOD_MATCH = YES;
				CODE_SIGN_IDENTITY = "iPhone Developer";
				COPY_PHASE_STRIP = NO;
				DEBUG_INFORMATION_FORMAT = dwarf;
				ENABLE_STRICT_OBJC_MSGSEND = YES;
				ENABLE_TESTABILITY = YES;
				GCC_C_LANGUAGE_STANDARD = gnu11;
				GCC_DYNAMIC_NO_PIC = NO;
				GCC_NO_COMMON_BLOCKS = YES;
				GCC_OPTIMIZATION_LEVEL = 0;
				GCC_PREPROCESSOR_DEFINITIONS = (
					"DEBUG=1",
					"$(inherited)",
				);
				GCC_WARN_64_TO_32_BIT_CONVERSION = YES;
				GCC_WARN_ABOUT_RETURN_TYPE = YES_ERROR;
				GCC_WARN_UNDECLARED_SELECTOR = YES;
				GCC_WARN_UNINITIALIZED_AUTOS = YES_AGGRESSIVE;
				GCC_WARN_UNUSED_FUNCTION = YES;
				GCC_WARN_UNUSED_VARIABLE = YES;
				IPHONEOS_DEPLOYMENT_TARGET = 11.3;
				MTL_ENABLE_DEBUG_INFO = YES;
				ONLY_ACTIVE_ARCH = YES;
				SDKROOT = iphoneos;
				SWIFT_ACTIVE_COMPILATION_CONDITIONS = DEBUG;
				SWIFT_OPTIMIZATION_LEVEL = "-Onone";
			};
			name = Debug;
		};
		772FB4CB207194F200C21A07 /* Release */ = {
			isa = XCBuildConfiguration;
			buildSettings = {
				ALWAYS_SEARCH_USER_PATHS = NO;
				CLANG_ANALYZER_NONNULL = YES;
				CLANG_ANALYZER_NUMBER_OBJECT_CONVERSION = YES_AGGRESSIVE;
				CLANG_CXX_LANGUAGE_STANDARD = "gnu++14";
				CLANG_CXX_LIBRARY = "libc++";
				CLANG_ENABLE_MODULES = YES;
				CLANG_ENABLE_OBJC_ARC = YES;
				CLANG_ENABLE_OBJC_WEAK = YES;
				CLANG_WARN_BLOCK_CAPTURE_AUTORELEASING = YES;
				CLANG_WARN_BOOL_CONVERSION = YES;
				CLANG_WARN_COMMA = YES;
				CLANG_WARN_CONSTANT_CONVERSION = YES;
				CLANG_WARN_DEPRECATED_OBJC_IMPLEMENTATIONS = YES;
				CLANG_WARN_DIRECT_OBJC_ISA_USAGE = YES_ERROR;
				CLANG_WARN_DOCUMENTATION_COMMENTS = YES;
				CLANG_WARN_EMPTY_BODY = YES;
				CLANG_WARN_ENUM_CONVERSION = YES;
				CLANG_WARN_INFINITE_RECURSION = YES;
				CLANG_WARN_INT_CONVERSION = YES;
				CLANG_WARN_NON_LITERAL_NULL_CONVERSION = YES;
				CLANG_WARN_OBJC_IMPLICIT_RETAIN_SELF = YES;
				CLANG_WARN_OBJC_LITERAL_CONVERSION = YES;
				CLANG_WARN_OBJC_ROOT_CLASS = YES_ERROR;
				CLANG_WARN_RANGE_LOOP_ANALYSIS = YES;
				CLANG_WARN_STRICT_PROTOTYPES = YES;
				CLANG_WARN_SUSPICIOUS_MOVE = YES;
				CLANG_WARN_UNGUARDED_AVAILABILITY = YES_AGGRESSIVE;
				CLANG_WARN_UNREACHABLE_CODE = YES;
				CLANG_WARN__DUPLICATE_METHOD_MATCH = YES;
				CODE_SIGN_IDENTITY = "iPhone Developer";
				COPY_PHASE_STRIP = NO;
				DEBUG_INFORMATION_FORMAT = "dwarf-with-dsym";
				ENABLE_NS_ASSERTIONS = NO;
				ENABLE_STRICT_OBJC_MSGSEND = YES;
				GCC_C_LANGUAGE_STANDARD = gnu11;
				GCC_NO_COMMON_BLOCKS = YES;
				GCC_WARN_64_TO_32_BIT_CONVERSION = YES;
				GCC_WARN_ABOUT_RETURN_TYPE = YES_ERROR;
				GCC_WARN_UNDECLARED_SELECTOR = YES;
				GCC_WARN_UNINITIALIZED_AUTOS = YES_AGGRESSIVE;
				GCC_WARN_UNUSED_FUNCTION = YES;
				GCC_WARN_UNUSED_VARIABLE = YES;
				IPHONEOS_DEPLOYMENT_TARGET = 11.3;
				MTL_ENABLE_DEBUG_INFO = NO;
				SDKROOT = iphoneos;
				SWIFT_COMPILATION_MODE = wholemodule;
				SWIFT_OPTIMIZATION_LEVEL = "-O";
				VALIDATE_PRODUCT = YES;
			};
			name = Release;
		};
		772FB4CD207194F200C21A07 /* Debug */ = {
			isa = XCBuildConfiguration;
			buildSettings = {
				ASSETCATALOG_COMPILER_APPICON_NAME = AppIcon;
				CODE_SIGN_STYLE = Automatic;
				DEVELOPMENT_TEAM = V7FR7N29C2;
				INFOPLIST_FILE = ATBGTransferDemo/Info.plist;
				LD_RUNPATH_SEARCH_PATHS = (
					"$(inherited)",
					"@executable_path/Frameworks",
				);
				PRODUCT_BUNDLE_IDENTIFIER = agostini.tech.ATBGTransferDemo;
				PRODUCT_NAME = "$(TARGET_NAME)";
				SWIFT_VERSION = 4.0;
				TARGETED_DEVICE_FAMILY = "1,2";
			};
			name = Debug;
		};
		772FB4CE207194F200C21A07 /* Release */ = {
			isa = XCBuildConfiguration;
			buildSettings = {
				ASSETCATALOG_COMPILER_APPICON_NAME = AppIcon;
				CODE_SIGN_STYLE = Automatic;
				DEVELOPMENT_TEAM = V7FR7N29C2;
				INFOPLIST_FILE = ATBGTransferDemo/Info.plist;
				LD_RUNPATH_SEARCH_PATHS = (
					"$(inherited)",
					"@executable_path/Frameworks",
				);
				PRODUCT_BUNDLE_IDENTIFIER = agostini.tech.ATBGTransferDemo;
				PRODUCT_NAME = "$(TARGET_NAME)";
				SWIFT_VERSION = 4.0;
				TARGETED_DEVICE_FAMILY = "1,2";
			};
			name = Release;
		};
/* End XCBuildConfiguration section */

/* Begin XCConfigurationList section */
		772FB4B5207194EF00C21A07 /* Build configuration list for PBXProject "ATBGTransferDemo" */ = {
			isa = XCConfigurationList;
			buildConfigurations = (
				772FB4CA207194F200C21A07 /* Debug */,
				772FB4CB207194F200C21A07 /* Release */,
			);
			defaultConfigurationIsVisible = 0;
			defaultConfigurationName = Release;
		};
		772FB4CC207194F200C21A07 /* Build configuration list for PBXNativeTarget "ATBGTransferDemo" */ = {
			isa = XCConfigurationList;
			buildConfigurations = (
				772FB4CD207194F200C21A07 /* Debug */,
				772FB4CE207194F200C21A07 /* Release */,
			);
			defaultConfigurationIsVisible = 0;
			defaultConfigurationName = Release;
		};
/* End XCConfigurationList section */
	};
	rootObject = 772FB4B2207194EF00C21A07 /* Project object */;
}
